
Microsoft Visual Studio Solution File, Format Version 12.00
# Visual Studio Version 17
VisualStudioVersion = 17.0.31423.177
MinimumVisualStudioVersion = 10.0.40219.1
Project("{9A19103F-16F7-4668-BE54-9A1E7A4F7556}") = "SandboxLua.Core", "SandboxLua.Core\SandboxLua.Core.csproj", "{DE810103-1721-4622-9252-A0DE357C6C5A}"
EndProject
Project("{FAE04EC0-301F-11D3-BF4B-00C04F79EFBC}") = "SandboxLua.Tests", "SandboxLua.Tests\SandboxLua.Tests.csproj", "{8D58CDF1-637D-4B27-89C2-D6CB3F873EEF}"
EndProject
Global
	GlobalSection(SolutionConfigurationPlatforms) = preSolution
		Debug|Any CPU = Debug|Any CPU
		Release|Any CPU = Release|Any CPU
	EndGlobalSection
	GlobalSection(ProjectConfigurationPlatforms) = postSolution
		{DE810103-1721-4622-9252-A0DE357C6C5A}.Debug|Any CPU.ActiveCfg = Debug|Any CPU
		{DE810103-1721-4622-9252-A0DE357C6C5A}.Debug|Any CPU.Build.0 = Debug|Any CPU
		{DE810103-1721-4622-9252-A0DE357C6C5A}.Release|Any CPU.ActiveCfg = Release|Any CPU
		{DE810103-1721-4622-9252-A0DE357C6C5A}.Release|Any CPU.Build.0 = Release|Any CPU
		{8D58CDF1-637D-4B27-89C2-D6CB3F873EEF}.Debug|Any CPU.ActiveCfg = Debug|Any CPU
		{8D58CDF1-637D-4B27-89C2-D6CB3F873EEF}.Debug|Any CPU.Build.0 = Debug|Any CPU
		{8D58CDF1-637D-4B27-89C2-D6CB3F873EEF}.Release|Any CPU.ActiveCfg = Release|Any CPU
		{8D58CDF1-637D-4B27-89C2-D6CB3F873EEF}.Release|Any CPU.Build.0 = Release|Any CPU
	EndGlobalSection
	GlobalSection(SolutionProperties) = preSolution
		HideSolutionNode = FALSE
	EndGlobalSection
	GlobalSection(ExtensibilityGlobals) = postSolution
		SolutionGuid = {B9A16ED5-7F20-4531-AAAC-7D16D957DFB4}
	EndGlobalSection
EndGlobal
